PODS:
  - MUKPullToRevealControl (1.2.0):
    - MUKSignal (~> 1.0.5)
  - MUKSignal (1.0.5)

DEPENDENCIES:
  - MUKPullToRevealControl (from `../`)

SPEC REPOS:
  https://github.com/cocoapods/specs.git:
    - MUKSignal

EXTERNAL SOURCES:
  MUKPullToRevealControl:
    :path: "../"

SPEC CHECKSUMS:
  MUKPullToRevealControl: 2627b7e4b962a411bcba045b511e02f5c002ff6b
  MUKSignal: 3b6f161c7337883d2d6570f0246ce460cb05373d

PODFILE CHECKSUM: faa3c70e489e6035e8e8e9551af173622321cbd0

COCOAPODS: 1.7.2
