PODS:
  - MUKPullToRevealControl (1.1.4):
    - MUKSignal (~> 1.0.4)
  - MUKSignal (1.0.4)

DEPENDENCIES:
  - MUKPullToRevealControl (from `../`)

EXTERNAL SOURCES:
  MUKPullToRevealControl:
    :path: ../

SPEC CHECKSUMS:
  MUKPullToRevealControl: bde3879d65a0bf47e5a7e9abacee91540c8ba659
  MUKSignal: 83e713913368eca5bb795245a068da8abf700906

PODFILE CHECKSUM: 46302d3143d880ab59e7b62cc161b2587f2c7a9f

COCOAPODS: 1.0.1
