PODS:
  - KVOController (1.0.3)
  - MUKPullToRevealControl (1.0.0):
    - KVOController (~> 1.0.3)

DEPENDENCIES:
  - MUKPullToRevealControl (from `../`)

EXTERNAL SOURCES:
  MUKPullToRevealControl:
    :path: ../

SPEC CHECKSUMS:
  KVOController: 9fd8f0343670994e4b6f9f0b31f5a45663f3e1cf
  MUKPullToRevealControl: 30c4d170cf25547692a925feb02fbd895a271a0f

COCOAPODS: 0.38.2
